{
  "name": "forge-starter",
  "version": "1.0.0",
  "lockfileVersion": 2,
  "requires": true,
  "packages": {
    "": {
      "name": "forge-starter",
      "version": "1.0.0",
      "license": "MIT",
      "dependencies": {
        "@thirdweb-dev/contracts": "^3"
      }
    },
    "node_modules/@thirdweb-dev/contracts": {
      "version": "3.8.3",
      "resolved": "https://registry.npmjs.org/@thirdweb-dev/contracts/-/contracts-3.8.3.tgz",
      "integrity": "sha512-J1CRG8bZ/Y9x7jgd0kmu0LDgV3l+s6wBO/ohCJeOamxuXp9ubYMXr1DFmFHnNphmEHnQfLt459nu8qwGJ9ip6Q=="
    }
  },
  "dependencies": {
    "@thirdweb-dev/contracts": {
      "version": "3.8.3",
      "resolved": "https://registry.npmjs.org/@thirdweb-dev/contracts/-/contracts-3.8.3.tgz",
      "integrity": "sha512-J1CRG8bZ/Y9x7jgd0kmu0LDgV3l+s6wBO/ohCJeOamxuXp9ubYMXr1DFmFHnNphmEHnQfLt459nu8qwGJ9ip6Q=="
    }
  }
}
